// !$*UTF8*$!
{
	archiveVersion = 1;
	classes = {
	};
	objectVersion = 77;
	objects = {

/* Begin PBXBuildFile section */
		7657F31A2E0E065E00AFD00F /* .gitignore in Resources */ = {isa = PBXBuildFile; fileRef = 7657F3182E0E065900AFD00F /* .gitignore */; };
/* End PBXBuildFile section */

/* Begin PBXContainerItemProxy section */
		762277A82DD6302A0039E6C3 /* PBXContainerItemProxy */ = {
			isa = PBXContainerItemProxy;
			containerPortal = 762277922DD630260039E6C3 /* Project object */;
			proxyType = 1;
			remoteGlobalIDString = 762277992DD630260039E6C3;
			remoteInfo = "VRC RoboScore";
		};
		762277B22DD6302A0039E6C3 /* PBXContainerItemProxy */ = {
			isa = PBXContainerItemProxy;
			containerPortal = 762277922DD630260039E6C3 /* Project object */;
			proxyType = 1;
			remoteGlobalIDString = 762277992DD630260039E6C3;
			remoteInfo = "VRC RoboScore";
		};
/* End PBXContainerItemProxy section */

/* Begin PBXFileReference section */
		7622779A2DD630260039E6C3 /* VRC RoboScore.app */ = {isa = PBXFileReference; explicitFileType = wrapper.application; includeInIndex = 0; path = "VRC RoboScore.app"; sourceTree = BUILT_PRODUCTS_DIR; };
		762277A72DD6302A0039E6C3 /* VRC RoboScoreTests.xctest */ = {isa = PBXFileReference; explicitFileType = wrapper.cfbundle; includeInIndex = 0; path = "VRC RoboScoreTests.xctest"; sourceTree = BUILT_PRODUCTS_DIR; };
		762277B12DD6302A0039E6C3 /* VRC RoboScoreUITests.xctest */ = {isa = PBXFileReference; explicitFileType = wrapper.cfbundle; includeInIndex = 0; path = "VRC RoboScoreUITests.xctest"; sourceTree = BUILT_PRODUCTS_DIR; };
		7657F3182E0E065900AFD00F /* .gitignore */ = {isa = PBXFileReference; lastKnownFileType = text; path = .gitignore; sourceTree = "<group>"; };
/* End PBXFileReference section */

/* Begin PBXFileSystemSynchronizedRootGroup section */
		7622779C2DD630260039E6C3 /* VRC RoboScore */ = {
			isa = PBXFileSystemSynchronizedRootGroup;
			path = "VRC RoboScore";
			sourceTree = "<group>";
		};
		762277AA2DD6302A0039E6C3 /* VRC RoboScoreTests */ = {
			isa = PBXFileSystemSynchronizedRootGroup;
			path = "VRC RoboScoreTests";
			sourceTree = "<group>";
		};
		762277B42DD6302A0039E6C3 /* VRC RoboScoreUITests */ = {
			isa = PBXFileSystemSynchronizedRootGroup;
			path = "VRC RoboScoreUITests";
			sourceTree = "<group>";
		};
/* End PBXFileSystemSynchronizedRootGroup section */

/* Begin PBXFrameworksBuildPhase section */
		762277972DD630260039E6C3 /* Frameworks */ = {
			isa = PBXFrameworksBuildPhase;
			buildActionMask = 2147483647;
			files = (
			);
			runOnlyForDeploymentPostprocessing = 0;
		};
		762277A42DD6302A0039E6C3 /* Frameworks */ = {
			isa = PBXFrameworksBuildPhase;
			buildActionMask = 2147483647;
			files = (
			);
			runOnlyForDeploymentPostprocessing = 0;
		};
		762277AE2DD6302A0039E6C3 /* Frameworks */ = {
			isa = PBXFrameworksBuildPhase;
			buildActionMask = 2147483647;
			files = (
			);
			runOnlyForDeploymentPostprocessing = 0;
		};
/* End PBXFrameworksBuildPhase section */

/* Begin PBXGroup section */
		762277912DD630260039E6C3 = {
			isa = PBXGroup;
			children = (
				7622779C2DD630260039E6C3 /* VRC RoboScore */,
				762277AA2DD6302A0039E6C3 /* VRC RoboScoreTests */,
				762277B42DD6302A0039E6C3 /* VRC RoboScoreUITests */,
				7622779B2DD630260039E6C3 /* Products */,
				7657F3182E0E065900AFD00F /* .gitignore */,
			);
			sourceTree = "<group>";
		};
		7622779B2DD630260039E6C3 /* Products */ = {
			isa = PBXGroup;
			children = (
				7622779A2DD630260039E6C3 /* VRC RoboScore.app */,
				762277A72DD6302A0039E6C3 /* VRC RoboScoreTests.xctest */,
				762277B12DD6302A0039E6C3 /* VRC RoboScoreUITests.xctest */,
			);
			name = Products;
			sourceTree = "<group>";
		};
/* End PBXGroup section */

/* Begin PBXNativeTarget section */
		762277992DD630260039E6C3 /* VRC RoboScore */ = {
			isa = PBXNativeTarget;
			buildConfigurationList = 762277BB2DD6302A0039E6C3 /* Build configuration list for PBXNativeTarget "VRC RoboScore" */;
			buildPhases = (
				762277962DD630260039E6C3 /* Sources */,
				762277972DD630260039E6C3 /* Frameworks */,
				762277982DD630260039E6C3 /* Resources */,
			);
			buildRules = (
			);
			dependencies = (
			);
			fileSystemSynchronizedGroups = (
				7622779C2DD630260039E6C3 /* VRC RoboScore */,
			);
			name = "VRC RoboScore";
			packageProductDependencies = (
			);
			productName = "VRC RoboScore";
			productReference = 7622779A2DD630260039E6C3 /* VRC RoboScore.app */;
			productType = "com.apple.product-type.application";
		};
		762277A62DD6302A0039E6C3 /* VRC RoboScoreTests */ = {
			isa = PBXNativeTarget;
			buildConfigurationList = 762277BE2DD6302A0039E6C3 /* Build configuration list for PBXNativeTarget "VRC RoboScoreTests" */;
			buildPhases = (
				762277A32DD6302A0039E6C3 /* Sources */,
				762277A42DD6302A0039E6C3 /* Frameworks */,
				762277A52DD6302A0039E6C3 /* Resources */,
			);
			buildRules = (
			);
			dependencies = (
				762277A92DD6302A0039E6C3 /* PBXTargetDependency */,
			);
			fileSystemSynchronizedGroups = (
				762277AA2DD6302A0039E6C3 /* VRC RoboScoreTests */,
			);
			name = "VRC RoboScoreTests";
			packageProductDependencies = (
			);
			productName = "VRC RoboScoreTests";
			productReference = 762277A72DD6302A0039E6C3 /* VRC RoboScoreTests.xctest */;
			productType = "com.apple.product-type.bundle.unit-test";
		};
		762277B02DD6302A0039E6C3 /* VRC RoboScoreUITests */ = {
			isa = PBXNativeTarget;
			buildConfigurationList = 762277C12DD6302A0039E6C3 /* Build configuration list for PBXNativeTarget "VRC RoboScoreUITests" */;
			buildPhases = (
				762277AD2DD6302A0039E6C3 /* Sources */,
				762277AE2DD6302A0039E6C3 /* Frameworks */,
				762277AF2DD6302A0039E6C3 /* Resources */,
			);
			buildRules = (
			);
			dependencies = (
				762277B32DD6302A0039E6C3 /* PBXTargetDependency */,
			);
			fileSystemSynchronizedGroups = (
				762277B42DD6302A0039E6C3 /* VRC RoboScoreUITests */,
			);
			name = "VRC RoboScoreUITests";
			packageProductDependencies = (
			);
			productName = "VRC RoboScoreUITests";
			productReference = 762277B12DD6302A0039E6C3 /* VRC RoboScoreUITests.xctest */;
			productType = "com.apple.product-type.bundle.ui-testing";
		};
/* End PBXNativeTarget section */

/* Begin PBXProject section */
		762277922DD630260039E6C3 /* Project object */ = {
			isa = PBXProject;
			attributes = {
				BuildIndependentTargetsInParallel = 1;
				LastSwiftUpdateCheck = 1630;
				LastUpgradeCheck = 1630;
				TargetAttributes = {
					762277992DD630260039E6C3 = {
						CreatedOnToolsVersion = 16.3;
					};
					762277A62DD6302A0039E6C3 = {
						CreatedOnToolsVersion = 16.3;
						TestTargetID = 762277992DD630260039E6C3;
					};
					762277B02DD6302A0039E6C3 = {
						CreatedOnToolsVersion = 16.3;
						TestTargetID = 762277992DD630260039E6C3;
					};
				};
			};
			buildConfigurationList = 762277952DD630260039E6C3 /* Build configuration list for PBXProject "VRC RoboScore" */;
			developmentRegion = en;
			hasScannedForEncodings = 0;
			knownRegions = (
				en,
				Base,
			);
			mainGroup = 762277912DD630260039E6C3;
			minimizedProjectReferenceProxies = 1;
			preferredProjectObjectVersion = 77;
			productRefGroup = 7622779B2DD630260039E6C3 /* Products */;
			projectDirPath = "";
			projectRoot = "";
			targets = (
				762277992DD630260039E6C3 /* VRC RoboScore */,
				762277A62DD6302A0039E6C3 /* VRC RoboScoreTests */,
				762277B02DD6302A0039E6C3 /* VRC RoboScoreUITests */,
			);
		};
/* End PBXProject section */

/* Begin PBXResourcesBuildPhase section */
		762277982DD630260039E6C3 /* Resources */ = {
			isa = PBXResourcesBuildPhase;
			buildActionMask = 2147483647;
			files = (
				7657F31A2E0E065E00AFD00F /* .gitignore in Resources */,
			);
			runOnlyForDeploymentPostprocessing = 0;
		};
		762277A52DD6302A0039E6C3 /* Resources */ = {
			isa = PBXResourcesBuildPhase;
			buildActionMask = 2147483647;
			files = (
			);
			runOnlyForDeploymentPostprocessing = 0;
		};
		762277AF2DD6302A0039E6C3 /* Resources */ = {
			isa = PBXResourcesBuildPhase;
			buildActionMask = 2147483647;
			files = (
			);
			runOnlyForDeploymentPostprocessing = 0;
		};
/* End PBXResourcesBuildPhase section */

/* Begin PBXSourcesBuildPhase section */
		762277962DD630260039E6C3 /* Sources */ = {
			isa = PBXSourcesBuildPhase;
			buildActionMask = 2147483647;
			files = (
			);
			runOnlyForDeploymentPostprocessing = 0;
		};
		762277A32DD6302A0039E6C3 /* Sources */ = {
			isa = PBXSourcesBuildPhase;
			buildActionMask = 2147483647;
			files = (
			);
			runOnlyForDeploymentPostprocessing = 0;
		};
		762277AD2DD6302A0039E6C3 /* Sources */ = {
			isa = PBXSourcesBuildPhase;
			buildActionMask = 2147483647;
			files = (
			);
			runOnlyForDeploymentPostprocessing = 0;
		};
/* End PBXSourcesBuildPhase section */

/* Begin PBXTargetDependency section */
		762277A92DD6302A0039E6C3 /* PBXTargetDependency */ = {
			isa = PBXTargetDependency;
			target = 762277992DD630260039E6C3 /* VRC RoboScore */;
			targetProxy = 762277A82DD6302A0039E6C3 /* PBXContainerItemProxy */;
		};
		762277B32DD6302A0039E6C3 /* PBXTargetDependency */ = {
			isa = PBXTargetDependency;
			target = 762277992DD630260039E6C3 /* VRC RoboScore */;
			targetProxy = 762277B22DD6302A0039E6C3 /* PBXContainerItemProxy */;
		};
/* End PBXTargetDependency section */

/* Begin XCBuildConfiguration section */
		762277B92DD6302A0039E6C3 /* Debug */ = {
			isa = XCBuildConfiguration;
			buildSettings = {
				ALWAYS_SEARCH_USER_PATHS = NO;
				ASSETCATALOG_COMPILER_GENERATE_SWIFT_ASSET_SYMBOL_EXTENSIONS = YES;
				CLANG_ANALYZER_NONNULL = YES;
				CLANG_ANALYZER_NUMBER_OBJECT_CONVERSION = YES_AGGRESSIVE;
				CLANG_CXX_LANGUAGE_STANDARD = "gnu++20";
				CLANG_ENABLE_MODULES = YES;
				CLANG_ENABLE_OBJC_ARC = YES;
				CLANG_ENABLE_OBJC_WEAK = YES;
				CLANG_WARN_BLOCK_CAPTURE_AUTORELEASING = YES;
				CLANG_WARN_BOOL_CONVERSION = YES;
				CLANG_WARN_COMMA = YES;
				CLANG_WARN_CONSTANT_CONVERSION = YES;
				CLANG_WARN_DEPRECATED_OBJC_IMPLEMENTATIONS = YES;
				CLANG_WARN_DIRECT_OBJC_ISA_USAGE = YES_ERROR;
				CLANG_WARN_DOCUMENTATION_COMMENTS = YES;
				CLANG_WARN_EMPTY_BODY = YES;
				CLANG_WARN_ENUM_CONVERSION = YES;
				CLANG_WARN_INFINITE_RECURSION = YES;
				CLANG_WARN_INT_CONVERSION = YES;
				CLANG_WARN_NON_LITERAL_NULL_CONVERSION = YES;
				CLANG_WARN_OBJC_IMPLICIT_RETAIN_SELF = YES;
				CLANG_WARN_OBJC_LITERAL_CONVERSION = YES;
				CLANG_WARN_OBJC_ROOT_CLASS = YES_ERROR;
				CLANG_WARN_QUOTED_INCLUDE_IN_FRAMEWORK_HEADER = YES;
				CLANG_WARN_RANGE_LOOP_ANALYSIS = YES;
				CLANG_WARN_STRICT_PROTOTYPES = YES;
				CLANG_WARN_SUSPICIOUS_MOVE = YES;
				CLANG_WARN_UNGUARDED_AVAILABILITY = YES_AGGRESSIVE;
				CLANG_WARN_UNREACHABLE_CODE = YES;
				CLANG_WARN__DUPLICATE_METHOD_MATCH = YES;
				COPY_PHASE_STRIP = NO;
				DEBUG_INFORMATION_FORMAT = dwarf;
				ENABLE_STRICT_OBJC_MSGSEND = YES;
				ENABLE_TESTABILITY = YES;
				ENABLE_USER_SCRIPT_SANDBOXING = YES;
				GCC_C_LANGUAGE_STANDARD = gnu17;
				GCC_DYNAMIC_NO_PIC = NO;
				GCC_NO_COMMON_BLOCKS = YES;
				GCC_OPTIMIZATION_LEVEL = 0;
				GCC_PREPROCESSOR_DEFINITIONS = (
					"DEBUG=1",
					"$(inherited)",
				);
				GCC_WARN_64_TO_32_BIT_CONVERSION = YES;
				GCC_WARN_ABOUT_RETURN_TYPE = YES_ERROR;
				GCC_WARN_UNDECLARED_SELECTOR = YES;
				GCC_WARN_UNINITIALIZED_AUTOS = YES_AGGRESSIVE;
				GCC_WARN_UNUSED_FUNCTION = YES;
				GCC_WARN_UNUSED_VARIABLE = YES;
				IPHONEOS_DEPLOYMENT_TARGET = 18.4;
				LOCALIZATION_PREFERS_STRING_CATALOGS = YES;
				MTL_ENABLE_DEBUG_INFO = INCLUDE_SOURCE;
				MTL_FAST_MATH = YES;
				ONLY_ACTIVE_ARCH = YES;
				SDKROOT = iphoneos;
				SWIFT_ACTIVE_COMPILATION_CONDITIONS = "DEBUG $(inherited)";
				SWIFT_OPTIMIZATION_LEVEL = "-Onone";
			};
			name = Debug;
		};
		762277BA2DD6302A0039E6C3 /* Release */ = {
			isa = XCBuildConfiguration;
			buildSettings = {
				ALWAYS_SEARCH_USER_PATHS = NO;
				ASSETCATALOG_COMPILER_GENERATE_SWIFT_ASSET_SYMBOL_EXTENSIONS = YES;
				CLANG_ANALYZER_NONNULL = YES;
				CLANG_ANALYZER_NUMBER_OBJECT_CONVERSION = YES_AGGRESSIVE;
				CLANG_CXX_LANGUAGE_STANDARD = "gnu++20";
				CLANG_ENABLE_MODULES = YES;
				CLANG_ENABLE_OBJC_ARC = YES;
				CLANG_ENABLE_OBJC_WEAK = YES;
				CLANG_WARN_BLOCK_CAPTURE_AUTORELEASING = YES;
				CLANG_WARN_BOOL_CONVERSION = YES;
				CLANG_WARN_COMMA = YES;
				CLANG_WARN_CONSTANT_CONVERSION = YES;
				CLANG_WARN_DEPRECATED_OBJC_IMPLEMENTATIONS = YES;
				CLANG_WARN_DIRECT_OBJC_ISA_USAGE = YES_ERROR;
				CLANG_WARN_DOCUMENTATION_COMMENTS = YES;
				CLANG_WARN_EMPTY_BODY = YES;
				CLANG_WARN_ENUM_CONVERSION = YES;
				CLANG_WARN_INFINITE_RECURSION = YES;
				CLANG_WARN_INT_CONVERSION = YES;
				CLANG_WARN_NON_LITERAL_NULL_CONVERSION = YES;
				CLANG_WARN_OBJC_IMPLICIT_RETAIN_SELF = YES;
				CLANG_WARN_OBJC_LITERAL_CONVERSION = YES;
				CLANG_WARN_OBJC_ROOT_CLASS = YES_ERROR;
				CLANG_WARN_QUOTED_INCLUDE_IN_FRAMEWORK_HEADER = YES;
				CLANG_WARN_RANGE_LOOP_ANALYSIS = YES;
				CLANG_WARN_STRICT_PROTOTYPES = YES;
				CLANG_WARN_SUSPICIOUS_MOVE = YES;
				CLANG_WARN_UNGUARDED_AVAILABILITY = YES_AGGRESSIVE;
				CLANG_WARN_UNREACHABLE_CODE = YES;
				CLANG_WARN__DUPLICATE_METHOD_MATCH = YES;
				COPY_PHASE_STRIP = NO;
				DEBUG_INFORMATION_FORMAT = "dwarf-with-dsym";
				ENABLE_NS_ASSERTIONS = NO;
				ENABLE_STRICT_OBJC_MSGSEND = YES;
				ENABLE_USER_SCRIPT_SANDBOXING = YES;
				GCC_C_LANGUAGE_STANDARD = gnu17;
				GCC_NO_COMMON_BLOCKS = YES;
				GCC_WARN_64_TO_32_BIT_CONVERSION = YES;
				GCC_WARN_ABOUT_RETURN_TYPE = YES_ERROR;
				GCC_WARN_UNDECLARED_SELECTOR = YES;
				GCC_WARN_UNINITIALIZED_AUTOS = YES_AGGRESSIVE;
				GCC_WARN_UNUSED_FUNCTION = YES;
				GCC_WARN_UNUSED_VARIABLE = YES;
				IPHONEOS_DEPLOYMENT_TARGET = 18.4;
				LOCALIZATION_PREFERS_STRING_CATALOGS = YES;
				MTL_ENABLE_DEBUG_INFO = NO;
				MTL_FAST_MATH = YES;
				SDKROOT = iphoneos;
				SWIFT_COMPILATION_MODE = wholemodule;
				VALIDATE_PRODUCT = YES;
			};
			name = Release;
		};
		762277BC2DD6302A0039E6C3 /* Debug */ = {
			isa = XCBuildConfiguration;
			buildSettings = {
				ASSETCATALOG_COMPILER_APPICON_NAME = AppIcon;
				ASSETCATALOG_COMPILER_GLOBAL_ACCENT_COLOR_NAME = AccentColor;
				CODE_SIGN_STYLE = Automatic;
				CURRENT_PROJECT_VERSION = 1;
				DEVELOPMENT_TEAM = NK8AYRW483;
				ENABLE_PREVIEWS = YES;
				GENERATE_INFOPLIST_FILE = YES;
				INFOPLIST_FILE = "VRC-RoboScore-Info.plist";
				INFOPLIST_KEY_CFBundleDisplayName = RoboScore;
				INFOPLIST_KEY_LSApplicationCategoryType = "public.app-category.utilities";
				INFOPLIST_KEY_UIApplicationSceneManifest_Generation = YES;
				INFOPLIST_KEY_UIApplicationSupportsIndirectInputEvents = YES;
				INFOPLIST_KEY_UILaunchScreen_Generation = YES;
				INFOPLIST_KEY_UISupportedInterfaceOrientations_iPad = "UIInterfaceOrientationPortrait UIInterfaceOrientationPortraitUpsideDown UIInterfaceOrientationLandscapeLeft UIInterfaceOrientationLandscapeRight";
				INFOPLIST_KEY_UISupportedInterfaceOrientations_iPhone = "UIInterfaceOrientationPortrait UIInterfaceOrientationLandscapeLeft UIInterfaceOrientationLandscapeRight";
				IPHONEOS_DEPLOYMENT_TARGET = 18.0;
				LD_RUNPATH_SEARCH_PATHS = (
					"$(inherited)",
					"@executable_path/Frameworks",
				);
				MARKETING_VERSION = 1.0;
				PRODUCT_BUNDLE_IDENTIFIER = "com.evanboyle.VRC-RoboScore";
				PRODUCT_NAME = "$(TARGET_NAME)";
				SUPPORTED_PLATFORMS = "iphoneos iphonesimulator";
				SUPPORTS_MACCATALYST = NO;
				SUPPORTS_XR_DESIGNED_FOR_IPHONE_IPAD = YES;
				SWIFT_EMIT_LOC_STRINGS = YES;
				SWIFT_VERSION = 5.0;
				TARGETED_DEVICE_FAMILY = "1,2";
			};
			name = Debug;
		};
		762277BD2DD6302A0039E6C3 /* Release */ = {
			isa = XCBuildConfiguration;
			buildSettings = {
				ASSETCATALOG_COMPILER_APPICON_NAME = AppIcon;
				ASSETCATALOG_COMPILER_GLOBAL_ACCENT_COLOR_NAME = AccentColor;
				CODE_SIGN_STYLE = Automatic;
				CURRENT_PROJECT_VERSION = 1;
				DEVELOPMENT_TEAM = NK8AYRW483;
				ENABLE_PREVIEWS = YES;
				GENERATE_INFOPLIST_FILE = YES;
				INFOPLIST_FILE = "VRC-RoboScore-Info.plist";
				INFOPLIST_KEY_CFBundleDisplayName = RoboScore;
				INFOPLIST_KEY_LSApplicationCategoryType = "public.app-category.utilities";
				INFOPLIST_KEY_UIApplicationSceneManifest_Generation = YES;
				INFOPLIST_KEY_UIApplicationSupportsIndirectInputEvents = YES;
				INFOPLIST_KEY_UILaunchScreen_Generation = YES;
				INFOPLIST_KEY_UISupportedInterfaceOrientations_iPad = "UIInterfaceOrientationPortrait UIInterfaceOrientationPortraitUpsideDown UIInterfaceOrientationLandscapeLeft UIInterfaceOrientationLandscapeRight";
				INFOPLIST_KEY_UISupportedInterfaceOrientations_iPhone = "UIInterfaceOrientationPortrait UIInterfaceOrientationLandscapeLeft UIInterfaceOrientationLandscapeRight";
				IPHONEOS_DEPLOYMENT_TARGET = 18.0;
				LD_RUNPATH_SEARCH_PATHS = (
					"$(inherited)",
					"@executable_path/Frameworks",
				);
				MARKETING_VERSION = 1.0;
				PRODUCT_BUNDLE_IDENTIFIER = "com.evanboyle.VRC-RoboScore";
				PRODUCT_NAME = "$(TARGET_NAME)";
				SUPPORTED_PLATFORMS = "iphoneos iphonesimulator";
				SUPPORTS_MACCATALYST = NO;
				SUPPORTS_XR_DESIGNED_FOR_IPHONE_IPAD = YES;
				SWIFT_EMIT_LOC_STRINGS = YES;
				SWIFT_VERSION = 5.0;
				TARGETED_DEVICE_FAMILY = "1,2";
			};
			name = Release;
		};
		762277BF2DD6302A0039E6C3 /* Debug */ = {
			isa = XCBuildConfiguration;
			buildSettings = {
				BUNDLE_LOADER = "$(TEST_HOST)";
				CODE_SIGN_STYLE = Automatic;
				CURRENT_PROJECT_VERSION = 1;
				GENERATE_INFOPLIST_FILE = YES;
				IPHONEOS_DEPLOYMENT_TARGET = 18.4;
				MARKETING_VERSION = 1.0;
				PRODUCT_BUNDLE_IDENTIFIER = "com.evanboyle.VRC-RoboScoreTests";
				PRODUCT_NAME = "$(TARGET_NAME)";
				SWIFT_EMIT_LOC_STRINGS = NO;
				SWIFT_VERSION = 5.0;
				TARGETED_DEVICE_FAMILY = "1,2";
				TEST_HOST = "$(BUILT_PRODUCTS_DIR)/VRC RoboScore.app/$(BUNDLE_EXECUTABLE_FOLDER_PATH)/VRC RoboScore";
			};
			name = Debug;
		};
		762277C02DD6302A0039E6C3 /* Release */ = {
			isa = XCBuildConfiguration;
			buildSettings = {
				BUNDLE_LOADER = "$(TEST_HOST)";
				CODE_SIGN_STYLE = Automatic;
				CURRENT_PROJECT_VERSION = 1;
				GENERATE_INFOPLIST_FILE = YES;
				IPHONEOS_DEPLOYMENT_TARGET = 18.4;
				MARKETING_VERSION = 1.0;
				PRODUCT_BUNDLE_IDENTIFIER = "com.evanboyle.VRC-RoboScoreTests";
				PRODUCT_NAME = "$(TARGET_NAME)";
				SWIFT_EMIT_LOC_STRINGS = NO;
				SWIFT_VERSION = 5.0;
				TARGETED_DEVICE_FAMILY = "1,2";
				TEST_HOST = "$(BUILT_PRODUCTS_DIR)/VRC RoboScore.app/$(BUNDLE_EXECUTABLE_FOLDER_PATH)/VRC RoboScore";
			};
			name = Release;
		};
		762277C22DD6302A0039E6C3 /* Debug */ = {
			isa = XCBuildConfiguration;
			buildSettings = {
				CODE_SIGN_STYLE = Automatic;
				CURRENT_PROJECT_VERSION = 1;
				GENERATE_INFOPLIST_FILE = YES;
				MARKETING_VERSION = 1.0;
				PRODUCT_BUNDLE_IDENTIFIER = "com.evanboyle.VRC-RoboScoreUITests";
				PRODUCT_NAME = "$(TARGET_NAME)";
				SWIFT_EMIT_LOC_STRINGS = NO;
				SWIFT_VERSION = 5.0;
				TARGETED_DEVICE_FAMILY = "1,2";
				TEST_TARGET_NAME = "VRC RoboScore";
			};
			name = Debug;
		};
		762277C32DD6302A0039E6C3 /* Release */ = {
			isa = XCBuildConfiguration;
			buildSettings = {
				CODE_SIGN_STYLE = Automatic;
				CURRENT_PROJECT_VERSION = 1;
				GENERATE_INFOPLIST_FILE = YES;
				MARKETING_VERSION = 1.0;
				PRODUCT_BUNDLE_IDENTIFIER = "com.evanboyle.VRC-RoboScoreUITests";
				PRODUCT_NAME = "$(TARGET_NAME)";
				SWIFT_EMIT_LOC_STRINGS = NO;
				SWIFT_VERSION = 5.0;
				TARGETED_DEVICE_FAMILY = "1,2";
				TEST_TARGET_NAME = "VRC RoboScore";
			};
			name = Release;
		};
/* End XCBuildConfiguration section */

/* Begin XCConfigurationList section */
		762277952DD630260039E6C3 /* Build configuration list for PBXProject "VRC RoboScore" */ = {
			isa = XCConfigurationList;
			buildConfigurations = (
				762277B92DD6302A0039E6C3 /* Debug */,
				762277BA2DD6302A0039E6C3 /* Release */,
			);
			defaultConfigurationIsVisible = 0;
			defaultConfigurationName = Release;
		};
		762277BB2DD6302A0039E6C3 /* Build configuration list for PBXNativeTarget "VRC RoboScore" */ = {
			isa = XCConfigurationList;
			buildConfigurations = (
				762277BC2DD6302A0039E6C3 /* Debug */,
				762277BD2DD6302A0039E6C3 /* Release */,
			);
			defaultConfigurationIsVisible = 0;
			defaultConfigurationName = Release;
		};
		762277BE2DD6302A0039E6C3 /* Build configuration list for PBXNativeTarget "VRC RoboScoreTests" */ = {
			isa = XCConfigurationList;
			buildConfigurations = (
				762277BF2DD6302A0039E6C3 /* Debug */,
				762277C02DD6302A0039E6C3 /* Release */,
			);
			defaultConfigurationIsVisible = 0;
			defaultConfigurationName = Release;
		};
		762277C12DD6302A0039E6C3 /* Build configuration list for PBXNativeTarget "VRC RoboScoreUITests" */ = {
			isa = XCConfigurationList;
			buildConfigurations = (
				762277C22DD6302A0039E6C3 /* Debug */,
				762277C32DD6302A0039E6C3 /* Release */,
			);
			defaultConfigurationIsVisible = 0;
			defaultConfigurationName = Release;
		};
/* End XCConfigurationList section */
	};
	rootObject = 762277922DD630260039E6C3 /* Project object */;
}
